
Microsoft Visual Studio Solution File, Format Version 12.00
# Visual Studio Version 17
VisualStudioVersion = 17.9.34728.123
MinimumVisualStudioVersion = 10.0.40219.1
Project("{FAE04EC0-301F-11D3-BF4B-00C04F79EFBC}") = "CS_Helper", "CS_Helper\CS_Helper.csproj", "{BA6AF569-3747-44AC-806B-099F930815BA}"
EndProject
Global
	GlobalSection(SolutionConfigurationPlatforms) = preSolution
		Debug|Any CPU = Debug|Any CPU
		Release|Any CPU = Release|Any CPU
	EndGlobalSection
	GlobalSection(ProjectConfigurationPlatforms) = postSolution
		{BA6AF569-3747-44AC-806B-099F930815BA}.Debug|Any CPU.ActiveCfg = Debug|Any CPU
		{BA6AF569-3747-44AC-806B-099F930815BA}.Debug|Any CPU.Build.0 = Debug|Any CPU
		{BA6AF569-3747-44AC-806B-099F930815BA}.Release|Any CPU.ActiveCfg = Release|Any CPU
		{BA6AF569-3747-44AC-806B-099F930815BA}.Release|Any CPU.Build.0 = Release|Any CPU
	EndGlobalSection
	GlobalSection(SolutionProperties) = preSolution
		HideSolutionNode = FALSE
	EndGlobalSection
	GlobalSection(ExtensibilityGlobals) = postSolution
		SolutionGuid = {29352540-D259-4EE7-97E7-1BE87B547B7C}
	EndGlobalSection
EndGlobal
